# This file is autogenerated, do not edit; changes may be undone by the next 'dep ensure'.


[[projects]]
  digest = "1:26ee1e365ea8f312ee11e170fc6675bac0dd3d4adf2406e753d0a43527e1afb8"
  name = "cloud.google.com/go"
  packages = ["compute/metadata"]
  pruneopts = "UT"
  revision = "cfe8f6d1fe6976d03af790d7a8b9bf6aa73287bd"
  version = "v0.47.0"

[[projects]]
  digest = "1:775fb4189da0c2d744d38febc01a83c38afdd14d78da224a2ca05aac2a438187"
  name = "github.com/Azure/azure-sdk-for-go"
  packages = [
    "profiles/latest/dns/mgmt/dns",
    "profiles/latest/resources/mgmt/subscriptions",
    "services/authorization/mgmt/2015-07-01/authorization",
    "services/compute/mgmt/2018-10-01/compute",
    "services/compute/mgmt/2019-03-01/compute",
    "services/dns/mgmt/2018-05-01/dns",
    "services/msi/mgmt/2018-11-30/msi",
    "services/network/mgmt/2019-07-01/network",
    "services/resources/mgmt/2018-05-01/resources",
    "services/resources/mgmt/2018-06-01/subscriptions",
    "services/storage/mgmt/2019-04-01/storage",
    "storage",
    "version",
  ]
  pruneopts = "UT"
  revision = "088b4d484d58bba14d62f1de59a49272aecf7845"
  version = "v33.4.0"

[[projects]]
  digest = "1:8be1936e87c5bfbc42e6212556c4d091bfd27d6d00ceddbbb12105901ec4db9d"
  name = "github.com/Azure/go-autorest"
  packages = [
    "autorest",
    "autorest/adal",
    "autorest/azure",
    "autorest/azure/auth",
    "autorest/azure/cli",
    "autorest/date",
    "autorest/to",
    "autorest/validation",
    "logger",
    "tracing",
  ]
  pruneopts = "UT"
  revision = "740293c019d8314ce3378d456b4327fa646297e6"
  version = "v13.2.0"

[[projects]]
  digest = "1:9f3b30d9f8e0d7040f729b82dcbc8f0dead820a133b3147ce355fc451f32d761"
  name = "github.com/BurntSushi/toml"
  packages = ["."]
  pruneopts = "UT"
  revision = "3012a1dbe2e4bd1391d42b32f0577cb7bbc7f005"
  version = "v0.3.1"

[[projects]]
  digest = "1:a2682518d905d662d984ef9959984ef87cecb777d379bfa9d9fe40e78069b3e4"
  name = "github.com/PuerkitoBio/purell"
  packages = ["."]
  pruneopts = "UT"
  revision = "44968752391892e1b0d0b821ee79e9a85fa13049"
  version = "v1.1.1"

[[projects]]
  branch = "master"
  digest = "1:c739832d67eb1e9cc478a19cc1a1ccd78df0397bf8a32978b759152e205f644b"
  name = "github.com/PuerkitoBio/urlesc"
  packages = ["."]
  pruneopts = "UT"
  revision = "de5bf2ad457846296e2031421a34e2568e304e35"

[[projects]]
  branch = "go15"
  digest = "1:d783da33967e4bb5a5d276d5db99768e78d06c5934c88d10f68231b6681f8ef9"
  name = "github.com/ajeddeloh/go-json"
  packages = ["."]
  pruneopts = "UT"
  revision = "6a2fe990e08303c82d966297ddb29a58678a4783"

[[projects]]
  digest = "1:aef9339f69dda1ca77fdb2fd83cf64c3f5087c1f00f69719eaa14679f5321512"
  name = "github.com/apparentlymart/go-cidr"
  packages = ["cidr"]
  pruneopts = "UT"
  revision = "c0fb5fbe0acb592411e2db59add389a43260ad44"
  version = "v1.0.1"

[[projects]]
  digest = "1:9d847a256debbd43eb7583bef5fb3c2c84d1de46a12733bca114cadb58075986"
  name = "github.com/aws/aws-sdk-go"
  packages = [
    "aws",
    "aws/arn",
    "aws/awserr",
    "aws/awsutil",
    "aws/client",
    "aws/client/metadata",
    "aws/corehandlers",
    "aws/credentials",
    "aws/credentials/ec2rolecreds",
    "aws/credentials/endpointcreds",
    "aws/credentials/processcreds",
    "aws/credentials/stscreds",
    "aws/csm",
    "aws/defaults",
    "aws/ec2metadata",
    "aws/endpoints",
    "aws/request",
    "aws/session",
    "aws/signer/v4",
    "internal/ini",
    "internal/sdkio",
    "internal/sdkmath",
    "internal/sdkrand",
    "internal/sdkuri",
    "internal/shareddefaults",
    "private/protocol",
    "private/protocol/ec2query",
    "private/protocol/json/jsonutil",
    "private/protocol/query",
    "private/protocol/query/queryutil",
    "private/protocol/rest",
    "private/protocol/restxml",
    "private/protocol/xml/xmlutil",
    "service/ec2",
    "service/iam",
    "service/iam/iamiface",
    "service/route53",
    "service/sts",
    "service/sts/stsiface",
  ]
  pruneopts = "UT"
  revision = "e42fa244c725b2a423a8e9cf1c86828c0bf9400a"
  version = "v1.25.12"

[[projects]]
  digest = "1:5f9ab5eeb3788ba8945f9acb2755fba44c3bfefdc95fae477bf6cdc790cab525"
  name = "github.com/containers/image"
  packages = [
    "docker/reference",
    "pkg/sysregistriesv2",
    "types",
  ]
  pruneopts = "UT"
  revision = "35f569df3607ab29b87dd5e19f7901c3ce7cf511"
  version = "v2.0.1"

[[projects]]
  digest = "1:05ffeeed3f0f05520de0679f6aa3219ffee69cfd6d9fb6c194879d4c818ad670"
  name = "github.com/coreos/go-semver"
  packages = ["semver"]
  pruneopts = "UT"
  revision = "e214231b295a8ea9479f11b70b35d5acf3556d9b"
  version = "v0.3.0"

[[projects]]
  digest = "1:027c348e13b5f924c925aebf0d2932545644c78da3f43cc82327220286084539"
  name = "github.com/coreos/go-systemd"
  packages = ["unit"]
  pruneopts = "UT"
  revision = "e64a0ec8b42a61e2a9801dc1d0abe539dea79197"
  version = "v20"

[[projects]]
  digest = "1:fb5b2aed0d774e210c1f2c0893e620cb3fa98957d3b925d0378f93b9613eb605"
  name = "github.com/coreos/ignition"
  packages = [
    "config/shared/errors",
    "config/shared/validations",
    "config/util",
    "config/v1",
    "config/v1/types",
    "config/v2_0",
    "config/v2_0/types",
    "config/v2_1",
    "config/v2_1/types",
    "config/v2_2",
    "config/v2_2/types",
    "config/v2_3_experimental/types",
    "config/validate",
    "config/validate/astjson",
    "config/validate/astnode",
    "config/validate/report",
  ]
  pruneopts = "UT"
  revision = "76107251acd117c6d3e5b4dae2b47f82f944984b"
  version = "v0.26.0"

[[projects]]
  digest = "1:ffe9824d294da03b391f44e1ae8281281b4afc1bdaa9588c9097785e3af10cec"
  name = "github.com/davecgh/go-spew"
  packages = ["spew"]
  pruneopts = "UT"
  revision = "8991bc29aa16c548c550c7ff78260e27b9ab7c73"
  version = "v1.1.1"

[[projects]]
  digest = "1:76dc72490af7174349349838f2fe118996381b31ea83243812a97e5a0fd5ed55"
  name = "github.com/dgrijalva/jwt-go"
  packages = ["."]
  pruneopts = "UT"
  revision = "06ea1031745cb8b3dab3f6a236daf2b0aa468b7e"
  version = "v3.2.0"

[[projects]]
  digest = "1:cf0d2e435fd4ce45b789e93ef24b5f08e86be0e9807a16beb3694e2d8c9af965"
  name = "github.com/dimchansky/utfbom"
  packages = ["."]
  pruneopts = "UT"
  revision = "d2133a1ce379ef6fa992b0514a77146c60db9d1c"
  version = "v1.1.0"

[[projects]]
  digest = "1:9b307ab2abef34f4c0d611a34bbc4d322fb05fdb6728045b89cde8b1b8a04ed0"
  name = "github.com/emicklei/go-restful"
  packages = [
    ".",
    "log",
  ]
  pruneopts = "UT"
  revision = "f48aa74d360eda838561e6db9d36c6538398343f"
  version = "v2.10.0"

[[projects]]
  digest = "1:2cd7915ab26ede7d95b8749e6b1f933f1c6d5398030684e6505940a10f31cfda"
  name = "github.com/ghodss/yaml"
  packages = ["."]
  pruneopts = "UT"
  revision = "0ca9ea5df5451ffdf184b4428c902747c2c11cd7"
  version = "v1.0.0"

[[projects]]
  digest = "1:ed15647db08b6d63666bf9755d337725960c302bbfa5e23754b4b915a4797e42"
  name = "github.com/go-openapi/jsonpointer"
  packages = ["."]
  pruneopts = "UT"
  revision = "ed123515f087412cd7ef02e49b0b0a5e6a79a360"
  version = "v0.19.3"

[[projects]]
  digest = "1:451fe53c19443c6941be5d4295edc973a3eb16baccb940efee94284024be03b0"
  name = "github.com/go-openapi/jsonreference"
  packages = ["."]
  pruneopts = "UT"
  revision = "82f31475a8f7a12bc26962f6e26ceade8ea6f66a"
  version = "v0.19.3"

[[projects]]
  digest = "1:c150e7fc0e12aec7e8b4161e12a4ce3e875290a2cf13a7ef5eed314653866838"
  name = "github.com/go-openapi/spec"
  packages = ["."]
  pruneopts = "UT"
  revision = "2223ab324566e4ace63ab69b9c8fff1b81a40eeb"
  version = "v0.19.3"

[[projects]]
  digest = "1:43d0f99f53acce97119181dcd592321084690c2d462c57680ccb4472ae084949"
  name = "github.com/go-openapi/swag"
  packages = ["."]
  pruneopts = "UT"
  revision = "c3d0f7896d589f3babb99eea24bbc7de98108e72"
  version = "v0.19.5"

[[projects]]
  digest = "1:582e25eccee928dc12416ea4c23b6dae8f3b5687730632aa1473ebebe80a2359"
  name = "github.com/gogo/protobuf"
  packages = [
    "proto",
    "sortkeys",
  ]
  pruneopts = "UT"
  revision = "5628607bb4c51c3157aacc3a50f0ab707582b805"
  version = "v1.3.1"

[[projects]]
  branch = "master"
  digest = "1:b7cb6054d3dff43b38ad2e92492f220f57ae6087ee797dca298139776749ace8"
  name = "github.com/golang/groupcache"
  packages = ["lru"]
  pruneopts = "UT"
  revision = "404acd9df4cc9859d64fb9eed42e5c026187287a"

[[projects]]
  digest = "1:f5ce1529abc1204444ec73779f44f94e2fa8fcdb7aca3c355b0c95947e4005c6"
  name = "github.com/golang/protobuf"
  packages = [
    "proto",
    "ptypes",
    "ptypes/any",
    "ptypes/duration",
    "ptypes/timestamp",
  ]
  pruneopts = "UT"
  revision = "6c65a5562fc06764971b7c5d05c76c75e84bdbf7"
  version = "v1.3.2"

[[projects]]
  digest = "1:a6181aca1fd5e27103f9a920876f29ac72854df7345a39f3b01e61c8c94cc8af"
  name = "github.com/google/gofuzz"
  packages = ["."]
  pruneopts = "UT"
  revision = "f140a6486e521aad38f5917de355cbf147cc0496"
  version = "v1.0.0"

[[projects]]
  digest = "1:582b704bebaa06b48c29b0cec224a6058a09c86883aaddabde889cd1a5f73e1b"
  name = "github.com/google/uuid"
  packages = ["."]
  pruneopts = "UT"
  revision = "0cd6bf5da1e1c83f8b45653022c74f71af0538a4"
  version = "v1.1.1"

[[projects]]
  branch = "master"
  digest = "1:0fdf02828aae8436c59e0035906842b5219f04115c2b8ca7210280a3f4c6da3a"
  name = "github.com/gophercloud/gophercloud"
  packages = [
    ".",
    "openstack",
    "openstack/common/extensions",
    "openstack/compute/v2/flavors",
    "openstack/identity/v2/tenants",
    "openstack/identity/v2/tokens",
    "openstack/identity/v3/tokens",
    "openstack/networking/v2/extensions",
    "openstack/networking/v2/extensions/layer3/floatingips",
    "openstack/networking/v2/networks",
    "openstack/utils",
    "pagination",
  ]
  pruneopts = "UT"
  revision = "0c7b9d111e3774e334c49c863f431cf8c63a57e4"

[[projects]]
  branch = "master"
  digest = "1:11403d207adf78b8e444bbec9005fb4382da8aefb6813a0b5d6ea1858f0c9394"
  name = "github.com/gophercloud/utils"
  packages = ["openstack/clientconfig"]
  pruneopts = "UT"
  revision = "94e6842399e53620efe002c58b46ab18f6b160bc"

[[projects]]
  digest = "1:cbec35fe4d5a4fba369a656a8cd65e244ea2c743007d8f6c1ccb132acf9d1296"
  name = "github.com/gorilla/mux"
  packages = ["."]
  pruneopts = "UT"
  revision = "00bdffe0f3c77e27d2cf6f5c70232a2d3e4d9c15"
  version = "v1.7.3"

[[projects]]
  digest = "1:78d28d5b84a26159c67ea51996a230da4bc07cac648adaae1dfb5fc0ec8e40d3"
  name = "github.com/imdario/mergo"
  packages = ["."]
  pruneopts = "UT"
  revision = "1afb36080aec31e0d1528973ebe6721b191b0369"
  version = "v0.3.8"

[[projects]]
  digest = "1:bb81097a5b62634f3e9fec1014657855610c82d19b9a40c17612e32651e35dca"
  name = "github.com/jmespath/go-jmespath"
  packages = ["."]
  pruneopts = "UT"
  revision = "c2b33e84"

[[projects]]
  digest = "1:709cd2a2c29cc9b89732f6c24846bbb9d6270f28ef5ef2128cc73bd0d6d7bff9"
  name = "github.com/json-iterator/go"
  packages = ["."]
  pruneopts = "UT"
  revision = "27518f6661eba504be5a7a9a9f6d9460d892ade3"
  version = "v1.1.7"

[[projects]]
  branch = "master"
  digest = "1:400e113a367b511b9b09ca642ee11d9885485a93838526d697033af334a2fdde"
  name = "github.com/kballard/go-shellquote"
  packages = ["."]
  pruneopts = "UT"
  revision = "95032a82bc518f77982ea72343cc1ade730072f0"

[[projects]]
  digest = "1:31e761d97c76151dde79e9d28964a812c46efc5baee4085b86f68f0c654450de"
  name = "github.com/konsorten/go-windows-terminal-sequences"
  packages = ["."]
  pruneopts = "UT"
  revision = "f55edac94c9bbba5d6182a4be46d86a2c9b5b50e"
  version = "v1.0.2"

[[projects]]
  digest = "1:927762c6729b4e72957ba3310e485ed09cf8451c5a637a52fd016a9fe09e7936"
  name = "github.com/mailru/easyjson"
  packages = [
    "buffer",
    "jlexer",
    "jwriter",
  ]
  pruneopts = "UT"
  revision = "1b2b06f5f209fea48ff5922d8bfb2b9ed5d8f00b"
  version = "v0.7.0"

[[projects]]
  digest = "1:4a29eeb25603debe8f2098a9902c4d3851034cf70d33be428826e86e8c30a1b0"
  name = "github.com/mattn/go-colorable"
  packages = ["."]
  pruneopts = "UT"
  revision = "98ec13f34aabf44cc914c65a1cfb7b9bc815aef1"
  version = "v0.1.4"

[[projects]]
  digest = "1:d62282425ffb75047679d7e2c3b980eea7f82c05ef5fb9142ee617ebac6e7432"
  name = "github.com/mattn/go-isatty"
  packages = ["."]
  pruneopts = "UT"
  revision = "88ba11cfdc67c7588b30042edf244b2875f892b6"
  version = "v0.0.10"

[[projects]]
  branch = "master"
  digest = "1:ba9e456b9fd41b6baf6c7800909fad13f3e5c45c796c89ac13d8724620c7fadf"
  name = "github.com/metal3-io/baremetal-operator"
  packages = [
    "pkg/apis/metal3/v1alpha1",
    "pkg/bmc",
    "pkg/hardware",
  ]
  pruneopts = "UT"
  revision = "cd2cdd14084a1187ec7bff542ed5928602cf1ce9"
  source = "https://github.com/openshift/baremetal-operator"

[[projects]]
  branch = "master"
  digest = "1:7f1f10ab08636d2d0fd260e43a0700a8905588eadd89d4a3eaefac18cce7bd5b"
  name = "github.com/metal3-io/cluster-api-provider-baremetal"
  packages = [
    "pkg/apis",
    "pkg/apis/baremetal/v1alpha1",
  ]
  pruneopts = "UT"
  revision = "a2a477909c1d518ef7cf28601e5d7db56a4d4069"
  source = "https://github.com/openshift/cluster-api-provider-baremetal/pkg/apis"

[[projects]]
  branch = "master"
  digest = "1:2b32af4d2a529083275afc192d1067d8126b578c7a9613b26600e4df9c735155"
  name = "github.com/mgutz/ansi"
  packages = ["."]
  pruneopts = "UT"
  revision = "9520e82c474b0a04dd04f8a40959027271bab992"

[[projects]]
  digest = "1:5d231480e1c64a726869bc4142d270184c419749d34f167646baa21008eb0a79"
  name = "github.com/mitchellh/go-homedir"
  packages = ["."]
  pruneopts = "UT"
  revision = "af06845cf3004701891bf4fdb884bfe4920b3727"
  version = "v1.1.0"

[[projects]]
  digest = "1:33422d238f147d247752996a26574ac48dcf472976eda7f5134015f06bf16563"
  name = "github.com/modern-go/concurrent"
  packages = ["."]
  pruneopts = "UT"
  revision = "bacd9c7ef1dd9b15be4a9909b8ac7a4e313eec94"
  version = "1.0.3"

[[projects]]
  digest = "1:e32bdbdb7c377a07a9a46378290059822efdce5c8d96fe71940d87cb4f918855"
  name = "github.com/modern-go/reflect2"
  packages = ["."]
  pruneopts = "UT"
  revision = "4b7aa43c6742a2c18fdef89dd197aaae7dac7ccd"
  version = "1.0.1"

[[projects]]
  digest = "1:ee4d4af67d93cc7644157882329023ce9a7bcfce956a079069a9405521c7cc8d"
  name = "github.com/opencontainers/go-digest"
  packages = ["."]
  pruneopts = "UT"
  revision = "279bed98673dd5bef374d3b6e4b09e2af76183bf"
  version = "v1.0.0-rc1"

[[projects]]
  digest = "1:11db38d694c130c800d0aefb502fb02519e514dc53d9804ce51d1ad25ec27db6"
  name = "github.com/opencontainers/image-spec"
  packages = [
    "specs-go",
    "specs-go/v1",
  ]
  pruneopts = "UT"
  revision = "d60099175f88c47cd379c4738d158884749ed235"
  version = "v1.0.1"

[[projects]]
  branch = "release-4.2"
  digest = "1:0347b3840779007e3bc48516f60d6b33d1ff58bde8483498abec136dc0a8646d"
  name = "github.com/openshift/api"
  packages = [
    "config/v1",
    "operator/v1alpha1",
  ]
  pruneopts = "UT"
  revision = "d4a64ec2cbd86f11ea74dfdcf6520d5833d0c6cd"

[[projects]]
  branch = "release-4.2"
  digest = "1:94506f6a1e10b4b325f01fee471a4d938f7871c26b1da2a49727cea7784bfb30"
  name = "github.com/openshift/client-go"
  packages = [
    "config/clientset/versioned/scheme",
    "config/clientset/versioned/typed/config/v1",
  ]
  pruneopts = "UT"
  revision = "5a5508328169b8a6992ea4ef711add89ddce3c6d"

[[projects]]
  branch = "master"
  digest = "1:edecfb7c709c4866a8f8f9d3e14bf68baeae5400521b140bad95b61890144f7f"
  name = "github.com/openshift/cloud-credential-operator"
  packages = [
    "pkg/apis/cloudcredential/v1",
    "pkg/aws",
    "version",
  ]
  pruneopts = "UT"
  revision = "c9f764408e61028ea556a370d92c08d2b5de825d"

[[projects]]
  branch = "openshift-4.2-cluster-api-0.1.0"
  digest = "1:4726606fb29b96d6fd100ea74277382fee567b57c0053997827c1859c10cf0af"
  name = "github.com/openshift/cluster-api"
  packages = [
    "pkg/apis/cluster/common",
    "pkg/apis/cluster/v1alpha1",
    "pkg/apis/machine/common",
    "pkg/apis/machine/v1beta1",
  ]
  pruneopts = "UT"
  revision = "655e2d6ccdd5774442da004081f933cd8f1f3273"

[[projects]]
  branch = "master"
  digest = "1:a0722bb3f4755f6d0c82f632b0750bdc917a3c4e601e5511d839af77112a1ef3"
  name = "github.com/openshift/cluster-api-provider-gcp"
  packages = [
    "pkg/apis",
    "pkg/apis/gcpprovider/v1beta1",
  ]
  pruneopts = "UT"
  revision = "679ea732f3bd52cc5bab77668dc6982fb75b8647"

[[projects]]
  branch = "master"
  digest = "1:901bbe7525b02899e9762fa9a9474d2251de64cd05dceffeb3fddfee86edf8d1"
  name = "github.com/openshift/cluster-api-provider-libvirt"
  packages = [
    "pkg/apis",
    "pkg/apis/libvirtproviderconfig/v1beta1",
  ]
  pruneopts = "UT"
  revision = "8b2d59fa8d42fe3993a60dba230cc870bed512ee"

[[projects]]
  branch = "release-4.2-azure"
  digest = "1:b7aa393467f1f87753ccd5ba0612cf6680bbd62e73be9ba6a5877465b0fe4385"
  name = "github.com/openshift/installer"
  packages = [
    "data",
    "pkg/asset",
    "pkg/asset/cluster",
    "pkg/asset/cluster/aws",
    "pkg/asset/cluster/azure",
    "pkg/asset/cluster/baremetal",
    "pkg/asset/cluster/gcp",
    "pkg/asset/cluster/libvirt",
    "pkg/asset/cluster/openstack",
    "pkg/asset/ignition",
    "pkg/asset/ignition/bootstrap",
    "pkg/asset/ignition/machine",
    "pkg/asset/installconfig",
    "pkg/asset/installconfig/aws",
    "pkg/asset/installconfig/azure",
    "pkg/asset/installconfig/gcp",
    "pkg/asset/installconfig/libvirt",
    "pkg/asset/installconfig/openstack",
    "pkg/asset/installconfig/vsphere",
    "pkg/asset/kubeconfig",
    "pkg/asset/machines",
    "pkg/asset/machines/aws",
    "pkg/asset/machines/azure",
    "pkg/asset/machines/baremetal",
    "pkg/asset/machines/gcp",
    "pkg/asset/machines/libvirt",
    "pkg/asset/machines/machineconfig",
    "pkg/asset/machines/openstack",
    "pkg/asset/manifests",
    "pkg/asset/manifests/azure",
    "pkg/asset/manifests/gcp",
    "pkg/asset/manifests/openstack",
    "pkg/asset/manifests/vsphere",
    "pkg/asset/password",
    "pkg/asset/releaseimage",
    "pkg/asset/rhcos",
    "pkg/asset/targets",
    "pkg/asset/templates/content",
    "pkg/asset/templates/content/bootkube",
    "pkg/asset/templates/content/openshift",
    "pkg/asset/tls",
    "pkg/ipnet",
    "pkg/rhcos",
    "pkg/tfvars",
    "pkg/tfvars/aws",
    "pkg/tfvars/azure",
    "pkg/tfvars/baremetal",
    "pkg/tfvars/gcp",
    "pkg/tfvars/libvirt",
    "pkg/tfvars/openstack",
    "pkg/types",
    "pkg/types/aws",
    "pkg/types/aws/defaults",
    "pkg/types/aws/validation",
    "pkg/types/azure",
    "pkg/types/azure/defaults",
    "pkg/types/azure/validation",
    "pkg/types/baremetal",
    "pkg/types/baremetal/defaults",
    "pkg/types/baremetal/validation",
    "pkg/types/conversion",
    "pkg/types/defaults",
    "pkg/types/gcp",
    "pkg/types/gcp/defaults",
    "pkg/types/gcp/validation",
    "pkg/types/libvirt",
    "pkg/types/libvirt/defaults",
    "pkg/types/libvirt/validation",
    "pkg/types/none",
    "pkg/types/none/defaults",
    "pkg/types/openstack",
    "pkg/types/openstack/defaults",
    "pkg/types/openstack/validation",
    "pkg/types/validation",
    "pkg/types/vsphere",
    "pkg/types/vsphere/defaults",
    "pkg/types/vsphere/validation",
    "pkg/validate",
    "pkg/version",
  ]
  pruneopts = "UT"
  revision = "69edf20f3d6e2e1dacd7453d3bf33940938972aa"
  source = "https://github.com/jim-minter/installer"

[[projects]]
  digest = "1:5bfff65eba275066cdf304a0faf91c7709e0f612ebb9760046adf6035d63ef5c"
  name = "github.com/openshift/machine-config-operator"
  packages = [
    "pkg/apis",
    "pkg/apis/machineconfiguration.openshift.io/v1",
  ]
  pruneopts = "UT"
  revision = "7efcbbbcada2af39a505c7a0305c7b32acec0af3"
  version = "v3.11.0"

[[projects]]
  digest = "1:e5d0bd87abc2781d14e274807a470acd180f0499f8bf5bb18606e9ec22ad9de9"
  name = "github.com/pborman/uuid"
  packages = ["."]
  pruneopts = "UT"
  revision = "adf5a7427709b9deb95d29d3fa8a2bf9cfd388f1"
  version = "v1.2"

[[projects]]
  digest = "1:cf31692c14422fa27c83a05292eb5cbe0fb2775972e8f1f8446a71549bd8980b"
  name = "github.com/pkg/errors"
  packages = ["."]
  pruneopts = "UT"
  revision = "ba968bfe8b2f7e042a574c888954fccecfa385b4"
  version = "v0.8.1"

[[projects]]
  digest = "1:274f67cb6fed9588ea2521ecdac05a6d62a8c51c074c1fccc6a49a40ba80e925"
  name = "github.com/satori/go.uuid"
  packages = ["."]
  pruneopts = "UT"
  revision = "f58768cc1a7a7e77a3bd49e98cdd21419399b6a3"
  version = "v1.2.0"

[[projects]]
  branch = "master"
  digest = "1:68cecd4c1137f77dfa2db1f13a0ceef2b5606d6b69d66fa69f7df1b2f2fe9afc"
  name = "github.com/shurcooL/httpfs"
  packages = ["vfsutil"]
  pruneopts = "UT"
  revision = "8d4bc4ba774931155e6cd5ef6098cb038dd45135"

[[projects]]
  branch = "master"
  digest = "1:98450c86949b8cdc4637b80c1c686ca955e503d3fbae9296d1f49c532895d281"
  name = "github.com/shurcooL/vfsgen"
  packages = ["."]
  pruneopts = "UT"
  revision = "6a9ea43bcacdf716a5c1b38efff722c07adf0069"

[[projects]]
  digest = "1:04457f9f6f3ffc5fea48e71d62f2ca256637dee0a04d710288e27e05c8b41976"
  name = "github.com/sirupsen/logrus"
  packages = ["."]
  pruneopts = "UT"
  revision = "839c75faf7f98a33d445d181f3018b5c3409a45e"
  version = "v1.4.2"

[[projects]]
  digest = "1:524b71991fc7d9246cc7dc2d9e0886ccb97648091c63e30eef619e6862c955dd"
  name = "github.com/spf13/pflag"
  packages = ["."]
  pruneopts = "UT"
  revision = "2e9d26c8c37aae03e3f9d4e90b7116f5accb7cab"
  version = "v1.0.5"

[[projects]]
  digest = "1:5a1cf4e370bc86137b58da2ae065e76526d32b11f62a7665f36dbd5f41fa95ff"
  name = "github.com/ugorji/go"
  packages = ["codec"]
  pruneopts = "UT"
  revision = "23ab95ef5dc3b70286760af84ce2327a2b64ed62"
  version = "v1.1.7"

[[projects]]
  branch = "master"
  digest = "1:00e4c919ffc9367cb70a6f159d45ea48404f1fa99358c446f35283c07c7ebc0e"
  name = "github.com/vincent-petithory/dataurl"
  packages = ["."]
  pruneopts = "UT"
  revision = "9a301d65acbb728fcc3ace14f45f511a4cfeea9c"

[[projects]]
  digest = "1:b984f402fbabb0e9eb0476f0ecfa51d0b2ff11cd0ac03538d6284091033b39ae"
  name = "go.opencensus.io"
  packages = [
    ".",
    "internal",
    "internal/tagencoding",
    "metric/metricdata",
    "metric/metricproducer",
    "plugin/ochttp",
    "plugin/ochttp/propagation/b3",
    "resource",
    "stats",
    "stats/internal",
    "stats/view",
    "tag",
    "trace",
    "trace/internal",
    "trace/propagation",
    "trace/tracestate",
  ]
  pruneopts = "UT"
  revision = "59d1ce35d30f3c25ba762169da2a37eab6ffa041"
  version = "v0.22.1"

[[projects]]
  branch = "master"
  digest = "1:91ed6116b126ec7fa7b9f9460356ee6b3005e5ed320b8e85510937f44d3d62d5"
  name = "go4.org"
  packages = ["errorutil"]
  pruneopts = "UT"
  revision = "132d2879e1e95dadb805c26cd339344efd1a67c8"

[[projects]]
  branch = "master"
  digest = "1:5341c99b1f4765a733f975d2892be73fe776fafb2d6bf8611f26702df2bf69ac"
  name = "golang.org/x/crypto"
  packages = [
    "bcrypt",
    "blowfish",
    "curve25519",
    "ed25519",
    "ed25519/internal/edwards25519",
    "internal/chacha20",
    "internal/subtle",
    "pkcs12",
    "pkcs12/internal/rc2",
    "poly1305",
    "ssh",
    "ssh/terminal",
  ]
  pruneopts = "UT"
  revision = "87dc89f01550277dc22b74ffcf4cd89fa2f40f4c"

[[projects]]
  branch = "master"
  digest = "1:59802f1f8af5950ddfb9ddbbd6d56129598da7f68edc5c084b077611b93c9359"
  name = "golang.org/x/net"
  packages = [
    "context",
    "context/ctxhttp",
    "http/httpguts",
    "http2",
    "http2/hpack",
    "idna",
    "internal/timeseries",
    "trace",
  ]
  pruneopts = "UT"
  revision = "2ba7206551d1ac8b6b8385d1b685d70e60895828"

[[projects]]
  branch = "master"
  digest = "1:31e33f76456ccf54819ab4a646cf01271d1a99d7712ab84bf1a9e7b61cd2031b"
  name = "golang.org/x/oauth2"
  packages = [
    ".",
    "google",
    "internal",
    "jws",
    "jwt",
  ]
  pruneopts = "UT"
  revision = "0f29369cfe4552d0e4bcddc57cc75f4d7e672a33"

[[projects]]
  branch = "master"
  digest = "1:a21b8f13c27bde42c8b28fde8f4d3099ec4566747f398eeb8f4326db78baafc2"
  name = "golang.org/x/sys"
  packages = [
    "cpu",
    "unix",
    "windows",
  ]
  pruneopts = "UT"
  revision = "b09406accb4736d857a32bf9444cd7edae2ffa79"

[[projects]]
  digest = "1:66a2f252a58b4fbbad0e4e180e1d85a83c222b6bce09c3dcdef3dc87c72eda7c"
  name = "golang.org/x/text"
  packages = [
    "collate",
    "collate/build",
    "internal/colltab",
    "internal/gen",
    "internal/language",
    "internal/language/compact",
    "internal/tag",
    "internal/triegen",
    "internal/ucd",
    "language",
    "secure/bidirule",
    "transform",
    "unicode/bidi",
    "unicode/cldr",
    "unicode/norm",
    "unicode/rangetable",
    "width",
  ]
  pruneopts = "UT"
  revision = "342b2e1fbaa52c93f31447ad2c6abc048c63e475"
  version = "v0.3.2"

[[projects]]
  branch = "master"
  digest = "1:cdd088b35bbf78713a6861a44a1bbe97e581861b6b8835c7f2211bbeca3671f6"
  name = "golang.org/x/time"
  packages = ["rate"]
  pruneopts = "UT"
  revision = "c4c64cad1fd0a1a8dab2523e04e61d35308e131e"

[[projects]]
  digest = "1:f3661f6218166acf60f5d551b44a537f7ecb8686be02ece061c5950cbfc9ba17"
  name = "google.golang.org/api"
  packages = [
    "compute/v1",
    "dns/v1",
    "gensupport",
    "googleapi",
    "googleapi/internal/uritemplates",
    "googleapi/transport",
    "internal",
    "option",
    "transport/http",
    "transport/http/internal/propagation",
  ]
  pruneopts = "UT"
  revision = "0cbcb99a9ea0c8023c794b2693cbe1def82ed4d7"
  version = "v0.3.2"

[[projects]]
  digest = "1:3c03b58f57452764a4499c55c582346c0ee78c8a5033affe5bdfd9efd3da5bd1"
  name = "google.golang.org/appengine"
  packages = [
    ".",
    "internal",
    "internal/app_identity",
    "internal/base",
    "internal/datastore",
    "internal/log",
    "internal/modules",
    "internal/remote_api",
    "internal/urlfetch",
    "urlfetch",
  ]
  pruneopts = "UT"
  revision = "971852bfffca25b069c31162ae8f247a3dba083b"
  version = "v1.6.5"

[[projects]]
  branch = "master"
  digest = "1:583a0c80f5e3a9343d33aea4aead1e1afcc0043db66fdf961ddd1fe8cd3a4faf"
  name = "google.golang.org/genproto"
  packages = ["googleapis/rpc/status"]
  pruneopts = "UT"
  revision = "548a555dbc03994223efbaba0090152849259498"

[[projects]]
  digest = "1:6cd77d0b616d2dcebd363dfecba593f27b0151fc82cdb5fbfb96c5a7cfbc95b5"
  name = "google.golang.org/grpc"
  packages = [
    ".",
    "balancer",
    "balancer/base",
    "balancer/roundrobin",
    "binarylog/grpc_binarylog_v1",
    "codes",
    "connectivity",
    "credentials",
    "credentials/internal",
    "encoding",
    "encoding/proto",
    "grpclog",
    "internal",
    "internal/backoff",
    "internal/balancerload",
    "internal/binarylog",
    "internal/channelz",
    "internal/envconfig",
    "internal/grpcrand",
    "internal/grpcsync",
    "internal/syscall",
    "internal/transport",
    "keepalive",
    "metadata",
    "naming",
    "peer",
    "resolver",
    "resolver/dns",
    "resolver/passthrough",
    "serviceconfig",
    "stats",
    "status",
    "tap",
  ]
  pruneopts = "UT"
  revision = "f6d0f9ee430895e87ef1ceb5ac8f39725bafceef"
  version = "v1.24.0"

[[projects]]
  digest = "1:d95ba5ef55d8b2cdb896d1196efd1859b62c64829b1098c8b8cc395dd34fd25c"
  name = "gopkg.in/AlecAivazis/survey.v1"
  packages = [
    ".",
    "core",
    "terminal",
  ]
  pruneopts = "UT"
  revision = "e4af3b345125b0903edb492a33a99a23e9eb3487"
  version = "v1.8.7"

[[projects]]
  digest = "1:2d1fbdc6777e5408cabeb02bf336305e724b925ff4546ded0fa8715a7267922a"
  name = "gopkg.in/inf.v0"
  packages = ["."]
  pruneopts = "UT"
  revision = "d2d2541c53f18d2a059457998ce2876cc8e67cbf"
  version = "v0.9.1"

[[projects]]
  digest = "1:2d8307a7345570ece92d85e80f17c9de719fa44a11f5ccd828ab2bb4a328314c"
  name = "gopkg.in/ini.v1"
  packages = ["."]
  pruneopts = "UT"
  revision = "700781759788472518f4ea52321519b066061a7b"
  version = "v1.48.0"

[[projects]]
  digest = "1:59f10c1537d2199d9115d946927fe31165959a95190849c82ff11e05803528b0"
  name = "gopkg.in/yaml.v2"
  packages = ["."]
  pruneopts = "UT"
  revision = "f221b8435cfb71e54062f6c6e99e9ade30b124d5"
  version = "v2.2.4"

[[projects]]
  digest = "1:86ad5797d1189de342ed6988fbb76b92dc0429a4d677ad69888d6137efa5712e"
  name = "k8s.io/api"
  packages = [
    "admissionregistration/v1beta1",
    "apps/v1",
    "apps/v1beta1",
    "apps/v1beta2",
    "auditregistration/v1alpha1",
    "authentication/v1",
    "authentication/v1beta1",
    "authorization/v1",
    "authorization/v1beta1",
    "autoscaling/v1",
    "autoscaling/v2beta1",
    "autoscaling/v2beta2",
    "batch/v1",
    "batch/v1beta1",
    "batch/v2alpha1",
    "certificates/v1beta1",
    "coordination/v1",
    "coordination/v1beta1",
    "core/v1",
    "events/v1beta1",
    "extensions/v1beta1",
    "networking/v1",
    "networking/v1beta1",
    "node/v1alpha1",
    "node/v1beta1",
    "policy/v1beta1",
    "rbac/v1",
    "rbac/v1alpha1",
    "rbac/v1beta1",
    "scheduling/v1",
    "scheduling/v1alpha1",
    "scheduling/v1beta1",
    "settings/v1alpha1",
    "storage/v1",
    "storage/v1alpha1",
    "storage/v1beta1",
  ]
  pruneopts = "UT"
  revision = "40a48860b5abbba9aa891b02b32da429b08d96a0"
  version = "kubernetes-1.14.0"

[[projects]]
  digest = "1:99a58df202d3302797f74dadf80bb1f744be32dbdb639122dd43675aba1a52a5"
  name = "k8s.io/apimachinery"
  packages = [
    "pkg/api/errors",
    "pkg/api/meta",
    "pkg/api/resource",
    "pkg/apis/meta/v1",
    "pkg/apis/meta/v1/unstructured",
    "pkg/apis/meta/v1/validation",
    "pkg/apis/meta/v1beta1",
    "pkg/conversion",
    "pkg/conversion/queryparams",
    "pkg/fields",
    "pkg/labels",
    "pkg/runtime",
    "pkg/runtime/schema",
    "pkg/runtime/serializer",
    "pkg/runtime/serializer/json",
    "pkg/runtime/serializer/protobuf",
    "pkg/runtime/serializer/recognizer",
    "pkg/runtime/serializer/streaming",
    "pkg/runtime/serializer/versioning",
    "pkg/selection",
    "pkg/types",
    "pkg/util/clock",
    "pkg/util/errors",
    "pkg/util/framer",
    "pkg/util/intstr",
    "pkg/util/json",
    "pkg/util/naming",
    "pkg/util/net",
    "pkg/util/rand",
    "pkg/util/runtime",
    "pkg/util/sets",
    "pkg/util/validation",
    "pkg/util/validation/field",
    "pkg/util/yaml",
    "pkg/version",
    "pkg/watch",
    "third_party/forked/golang/reflect",
  ]
  pruneopts = "UT"
  revision = "d7deff9243b165ee192f5551710ea4285dcfd615"
  version = "kubernetes-1.14.0"

[[projects]]
  digest = "1:a9ef9a25c89197f3975e4918ef9cb4c5df34c57ffe44b01f451b34711f9a31b2"
  name = "k8s.io/client-go"
  packages = [
    "kubernetes/scheme",
    "kubernetes/typed/core/v1",
    "pkg/apis/clientauthentication",
    "pkg/apis/clientauthentication/v1alpha1",
    "pkg/apis/clientauthentication/v1beta1",
    "pkg/version",
    "plugin/pkg/client/auth/exec",
    "rest",
    "rest/watch",
    "tools/auth",
    "tools/clientcmd",
    "tools/clientcmd/api",
    "tools/clientcmd/api/latest",
    "tools/clientcmd/api/v1",
    "tools/metrics",
    "tools/reference",
    "transport",
    "util/cert",
    "util/connrotation",
    "util/flowcontrol",
    "util/homedir",
    "util/keyutil",
  ]
  pruneopts = "UT"
  revision = "6ee68ca5fd8355d024d02f9db0b3b667e8357a0f"
  version = "kubernetes-1.14.0"

[[projects]]
  digest = "1:93e82f25d75aba18436ad1ac042cb49493f096011f2541075721ed6f9e05c044"
  name = "k8s.io/klog"
  packages = ["."]
  pruneopts = "UT"
  revision = "2ca9ad30301bf30a8a6e0fa2110db6b8df699a91"
  version = "v1.0.0"

[[projects]]
  branch = "master"
  digest = "1:a25f899659892020bfbc94c5f9395a708fdbb7f9beeede9c286f4cd377bc5753"
  name = "k8s.io/kube-openapi"
  packages = ["pkg/common"]
  pruneopts = "UT"
  revision = "0270cf2f1c1d995d34b36019a6f65d58e6e33ad4"

[[projects]]
  digest = "1:e6dd23d0d6fa76e35ebb35fe4c93eb144a7bb50866d09da6545de9e415348353"
  name = "k8s.io/utils"
  packages = [
    "integer",
    "pointer",
  ]
  pruneopts = "UT"
  revision = "c2654d5206da6b7b6ace12841e8f359bb89b443c"

[[projects]]
  branch = "master"
  digest = "1:37e429b6dcc782044182abc8169aa9e89e81ecdb48ceeee8394116029957c048"
  name = "sigs.k8s.io/cluster-api-provider-aws"
  packages = [
    "pkg/apis",
    "pkg/apis/awsproviderconfig/v1beta1",
  ]
  pruneopts = "UT"
  revision = "151ec6cd21b9739206fd16f2ddf9f036318d7917"
  source = "https://github.com/openshift/cluster-api-provider-aws.git"

[[projects]]
  branch = "master"
  digest = "1:5dc07e3d2d2da55fa7ba51682cd52a6d1328cf8b8a87f48f29491798a7a0386d"
  name = "sigs.k8s.io/cluster-api-provider-azure"
  packages = [
    "pkg/apis",
    "pkg/apis/azureprovider/v1alpha1",
    "pkg/apis/azureprovider/v1beta1",
  ]
  pruneopts = "UT"
  revision = "593cfd46c197062354eb4d0313c5bafcada18595"
  source = "https://github.com/openshift/cluster-api-provider-azure.git"

[[projects]]
  branch = "master"
  digest = "1:05a7f2cd98fff2057b1455e48893325bf65173ecbbfbcee33b327b02e9117a68"
  name = "sigs.k8s.io/cluster-api-provider-openstack"
  packages = [
    "pkg/apis",
    "pkg/apis/openstackproviderconfig/v1alpha1",
  ]
  pruneopts = "UT"
  revision = "945cf044115f82be8578f9b0e57de480e3844da6"
  source = "https://github.com/openshift/cluster-api-provider-openstack.git"

[[projects]]
  branch = "release-0.2"
  digest = "1:c4e8f6509ee8cec911985a812ed3f9cc024404acc45ac613fa103f735cf3222a"
  name = "sigs.k8s.io/controller-runtime"
  packages = ["pkg/scheme"]
  pruneopts = "UT"
  revision = "fc5542c693e3340f8abbe91c6345bd64c494a60c"

[[projects]]
  digest = "1:7719608fe0b52a4ece56c2dde37bedd95b938677d1ab0f84b8a7852e4c59f849"
  name = "sigs.k8s.io/yaml"
  packages = ["."]
  pruneopts = "UT"
  revision = "fd68e9863619f6ec2fdd8625fe1f02e7c877e480"
  version = "v1.1.0"

[solve-meta]
  analyzer-name = "dep"
  analyzer-version = 1
  input-imports = [
    "github.com/Azure/azure-sdk-for-go/services/authorization/mgmt/2015-07-01/authorization",
    "github.com/Azure/azure-sdk-for-go/services/compute/mgmt/2019-03-01/compute",
    "github.com/Azure/azure-sdk-for-go/services/dns/mgmt/2018-05-01/dns",
    "github.com/Azure/azure-sdk-for-go/services/msi/mgmt/2018-11-30/msi",
    "github.com/Azure/azure-sdk-for-go/services/network/mgmt/2019-07-01/network",
    "github.com/Azure/azure-sdk-for-go/services/resources/mgmt/2018-05-01/resources",
    "github.com/Azure/azure-sdk-for-go/services/storage/mgmt/2019-04-01/storage",
    "github.com/Azure/azure-sdk-for-go/storage",
    "github.com/Azure/go-autorest/autorest",
    "github.com/Azure/go-autorest/autorest/azure",
    "github.com/Azure/go-autorest/autorest/azure/auth",
    "github.com/Azure/go-autorest/autorest/to",
    "github.com/apparentlymart/go-cidr/cidr",
    "github.com/gorilla/mux",
    "github.com/openshift/api/config/v1",
    "github.com/openshift/client-go/config/clientset/versioned/typed/config/v1",
    "github.com/openshift/installer/data",
    "github.com/openshift/installer/pkg/asset",
    "github.com/openshift/installer/pkg/asset/ignition/bootstrap",
    "github.com/openshift/installer/pkg/asset/ignition/machine",
    "github.com/openshift/installer/pkg/asset/installconfig",
    "github.com/openshift/installer/pkg/asset/kubeconfig",
    "github.com/openshift/installer/pkg/asset/machines",
    "github.com/openshift/installer/pkg/asset/manifests",
    "github.com/openshift/installer/pkg/asset/password",
    "github.com/openshift/installer/pkg/asset/releaseimage",
    "github.com/openshift/installer/pkg/asset/rhcos",
    "github.com/openshift/installer/pkg/asset/targets",
    "github.com/openshift/installer/pkg/asset/templates/content/bootkube",
    "github.com/openshift/installer/pkg/asset/templates/content/openshift",
    "github.com/openshift/installer/pkg/asset/tls",
    "github.com/openshift/installer/pkg/ipnet",
    "github.com/openshift/installer/pkg/types",
    "github.com/openshift/installer/pkg/types/azure",
    "github.com/satori/go.uuid",
    "github.com/sirupsen/logrus",
    "github.com/ugorji/go/codec",
    "golang.org/x/crypto/ssh",
    "k8s.io/apimachinery/pkg/apis/meta/v1",
    "k8s.io/client-go/kubernetes/typed/core/v1",
    "k8s.io/client-go/rest",
    "k8s.io/client-go/tools/clientcmd",
  ]
  solver-name = "gps-cdcl"
  solver-version = 1
